
Microsoft Visual Studio Solution File, Format Version 12.00
# Visual Studio Version 17
VisualStudioVersion = 17.7.34009.444
MinimumVisualStudioVersion = 10.0.40219.1
Project("{FAE04EC0-301F-11D3-BF4B-00C04F79EFBC}") = "testwebapplication", "testwebapplication\testwebapplication.csproj", "{04DECDC4-06F7-408B-9B0D-B84865E891FA}"
EndProject
Global
	GlobalSection(SolutionConfigurationPlatforms) = preSolution
		Debug|Any CPU = Debug|Any CPU
		Release|Any CPU = Release|Any CPU
	EndGlobalSection
	GlobalSection(ProjectConfigurationPlatforms) = postSolution
		{04DECDC4-06F7-408B-9B0D-B84865E891FA}.Debug|Any CPU.ActiveCfg = Debug|Any CPU
		{04DECDC4-06F7-408B-9B0D-B84865E891FA}.Debug|Any CPU.Build.0 = Debug|Any CPU
		{04DECDC4-06F7-408B-9B0D-B84865E891FA}.Release|Any CPU.ActiveCfg = Release|Any CPU
		{04DECDC4-06F7-408B-9B0D-B84865E891FA}.Release|Any CPU.Build.0 = Release|Any CPU
	EndGlobalSection
	GlobalSection(SolutionProperties) = preSolution
		HideSolutionNode = FALSE
	EndGlobalSection
	GlobalSection(ExtensibilityGlobals) = postSolution
		SolutionGuid = {36978432-7687-47F3-AD68-AB7946E6D24D}
	EndGlobalSection
EndGlobal
